# @generated - this file is auto-generated by `mise lock` https://mise.jdx.dev/dev-tools/mise-lock.html

lockfile_version = 1

[[tools.pre-commit]]
version = "4.6.2"
backend = "aqua:pre-commit/pre-commit"
specifiers = ["4.6.2"]

[tools.pre-commit."platforms.linux-x64"]
checksum = "sha256:43c09a73d82af8efff09900e60d76d67a2c3d990613c3c770b2b5c4418a16c4b"
url = "https://github.com/pre-commit/pre-commit/releases/download/v4.6.2/pre-commit-4.6.2.pyz"
url_api = "https://api.github.com/repos/pre-commit/pre-commit/releases/assets/509317714"

[tools.pre-commit."platforms.macos-arm64"]
checksum = "sha256:43c09a73d82af8efff09900e60d76d67a2c3d990613c3c770b2b5c4418a16c4b"
url = "https://github.com/pre-commit/pre-commit/releases/download/v4.6.2/pre-commit-4.6.2.pyz"
url_api = "https://api.github.com/repos/pre-commit/pre-commit/releases/assets/509317714"

[tools.pre-commit."platforms.macos-x64"]
checksum = "sha256:43c09a73d82af8efff09900e60d76d67a2c3d990613c3c770b2b5c4418a16c4b"
url = "https://github.com/pre-commit/pre-commit/releases/download/v4.6.2/pre-commit-4.6.2.pyz"
url_api = "https://api.github.com/repos/pre-commit/pre-commit/releases/assets/509317714"

[[tools.rumdl]]
version = "0.2.52"
backend = "aqua:rvben/rumdl"
specifiers = ["0.2.52"]

[tools.rumdl."platforms.linux-x64"]
checksum = "sha256:55ce88e1030013fb06b7e18cdd5ffb26c4b3a0237729847c1676ddcf438ab716"
url = "https://github.com/rvben/rumdl/releases/download/v0.2.52/rumdl-v0.2.52-x86_64-unknown-linux-gnu.tar.gz"
url_api = "https://api.github.com/repos/rvben/rumdl/releases/assets/503021477"
provenance = "github-attestations"

[tools.rumdl."platforms.macos-arm64"]
checksum = "sha256:a6baf795f04fc4c6bf7dbb5362b8413df6295a94b32cd3e0c15d1c0b6b68b8ec"
url = "https://github.com/rvben/rumdl/releases/download/v0.2.52/rumdl-v0.2.52-aarch64-apple-darwin.tar.gz"
url_api = "https://api.github.com/repos/rvben/rumdl/releases/assets/503021481"
provenance = "github-attestations"

[tools.rumdl."platforms.macos-x64"]
checksum = "sha256:d2f9681f86d2e6776524c5ead52d4c3e0be3ce4cde47ce005a81815a2f9f95d3"
url = "https://github.com/rvben/rumdl/releases/download/v0.2.52/rumdl-v0.2.52-x86_64-apple-darwin.tar.gz"
url_api = "https://api.github.com/repos/rvben/rumdl/releases/assets/503021480"
provenance = "github-attestations"

[[tools.swiftformat]]
version = "0.63.0"
backend = "github:nicklockwood/SwiftFormat"
specifiers = ["0.63.0"]

[tools.swiftformat.options]
no_app = "true"

[tools.swiftformat."platforms.linux-x64"]
checksum = "sha256:b4a3cbb8c852a0baaf9adf853e221ff1dabf921a3d8957a602e0bda3af8470f1"
url = "https://github.com/nicklockwood/SwiftFormat/releases/download/0.63.0/swiftformat_linux.zip"
url_api = "https://api.github.com/repos/nicklockwood/SwiftFormat/releases/assets/536986504"

[tools.swiftformat."platforms.macos-arm64"]
checksum = "sha256:28c7802e11fa5ae113d903066439c6bb1be20a8ac1ad9709c42616a7e273fb0f"
url = "https://github.com/nicklockwood/SwiftFormat/releases/download/0.63.0/swiftformat.zip"
url_api = "https://api.github.com/repos/nicklockwood/SwiftFormat/releases/assets/536986489"

[tools.swiftformat."platforms.macos-x64"]
checksum = "sha256:28c7802e11fa5ae113d903066439c6bb1be20a8ac1ad9709c42616a7e273fb0f"
url = "https://github.com/nicklockwood/SwiftFormat/releases/download/0.63.0/swiftformat.zip"
url_api = "https://api.github.com/repos/nicklockwood/SwiftFormat/releases/assets/536986489"
